
Microsoft Visual Studio Solution File, Format Version 12.00
# Visual Studio Version 17
VisualStudioVersion = 17.0.31903.59
MinimumVisualStudioVersion = 10.0.40219.1
Project("{2150E333-8FDC-42A3-9474-1A3956D46DE8}") = "src", "src", "{53534069-8FAC-4E65-ADD1-D9560C70FFA1}"
EndProject
Project("{FAE04EC0-301F-11D3-BF4B-00C04F79EFBC}") = "PruebaTecnica_Multitenant.API", "src\PruebaTecnica_Multitenant.API\PruebaTecnica_Multitenant.API.csproj", "{89664F44-9B5A-4DC7-A77A-DC1100951998}"
EndProject
Global
	GlobalSection(SolutionConfigurationPlatforms) = preSolution
		Debug|Any CPU = Debug|Any CPU
		Release|Any CPU = Release|Any CPU
	EndGlobalSection
	GlobalSection(SolutionProperties) = preSolution
		HideSolutionNode = FALSE
	EndGlobalSection
	GlobalSection(ProjectConfigurationPlatforms) = postSolution
		{89664F44-9B5A-4DC7-A77A-DC1100951998}.Debug|Any CPU.ActiveCfg = Debug|Any CPU
		{89664F44-9B5A-4DC7-A77A-DC1100951998}.Debug|Any CPU.Build.0 = Debug|Any CPU
		{89664F44-9B5A-4DC7-A77A-DC1100951998}.Release|Any CPU.ActiveCfg = Release|Any CPU
		{89664F44-9B5A-4DC7-A77A-DC1100951998}.Release|Any CPU.Build.0 = Release|Any CPU
	EndGlobalSection
	GlobalSection(NestedProjects) = preSolution
		{89664F44-9B5A-4DC7-A77A-DC1100951998} = {53534069-8FAC-4E65-ADD1-D9560C70FFA1}
	EndGlobalSection
EndGlobal
